
Microsoft Visual Studio Solution File, Format Version 12.00
# Visual Studio Version 17
VisualStudioVersion = 17.3.32825.248
MinimumVisualStudioVersion = 10.0.40219.1
Project("{FAE04EC0-301F-11D3-BF4B-00C04F79EFBC}") = "Web", "Web\Web.csproj", "{317ACB01-B0C5-40E9-9AA3-EE49ED17CD87}"
	ProjectSection(ProjectDependencies) = postProject
		{10B81310-0A77-4D54-B2FA-4448AB61911C} = {10B81310-0A77-4D54-B2FA-4448AB61911C}
		{57A494EA-681D-4F79-9495-2BB8439947B9} = {57A494EA-681D-4F79-9495-2BB8439947B9}
		{CC61E4DB-8F8C-48B5-96B0-FE43FA8F96F6} = {CC61E4DB-8F8C-48B5-96B0-FE43FA8F96F6}
	EndProjectSection
EndProject
Project("{FAE04EC0-301F-11D3-BF4B-00C04F79EFBC}") = "BLL", "BLL\BLL.csproj", "{CC61E4DB-8F8C-48B5-96B0-FE43FA8F96F6}"
	ProjectSection(ProjectDependencies) = postProject
		{10B81310-0A77-4D54-B2FA-4448AB61911C} = {10B81310-0A77-4D54-B2FA-4448AB61911C}
		{57A494EA-681D-4F79-9495-2BB8439947B9} = {57A494EA-681D-4F79-9495-2BB8439947B9}
	EndProjectSection
EndProject
Project("{FAE04EC0-301F-11D3-BF4B-00C04F79EFBC}") = "Common", "Common\Common.csproj", "{57A494EA-681D-4F79-9495-2BB8439947B9}"
EndProject
Project("{FAE04EC0-301F-11D3-BF4B-00C04F79EFBC}") = "DAL", "DAL\DAL.csproj", "{10B81310-0A77-4D54-B2FA-4448AB61911C}"
	ProjectSection(ProjectDependencies) = postProject
		{57A494EA-681D-4F79-9495-2BB8439947B9} = {57A494EA-681D-4F79-9495-2BB8439947B9}
	EndProjectSection
EndProject
Global
	GlobalSection(SolutionConfigurationPlatforms) = preSolution
		Debug|Any CPU = Debug|Any CPU
		Release|Any CPU = Release|Any CPU
	EndGlobalSection
	GlobalSection(ProjectConfigurationPlatforms) = postSolution
		{317ACB01-B0C5-40E9-9AA3-EE49ED17CD87}.Debug|Any CPU.ActiveCfg = Debug|Any CPU
		{317ACB01-B0C5-40E9-9AA3-EE49ED17CD87}.Debug|Any CPU.Build.0 = Debug|Any CPU
		{317ACB01-B0C5-40E9-9AA3-EE49ED17CD87}.Release|Any CPU.ActiveCfg = Release|Any CPU
		{317ACB01-B0C5-40E9-9AA3-EE49ED17CD87}.Release|Any CPU.Build.0 = Release|Any CPU
		{CC61E4DB-8F8C-48B5-96B0-FE43FA8F96F6}.Debug|Any CPU.ActiveCfg = Debug|Any CPU
		{CC61E4DB-8F8C-48B5-96B0-FE43FA8F96F6}.Debug|Any CPU.Build.0 = Debug|Any CPU
		{CC61E4DB-8F8C-48B5-96B0-FE43FA8F96F6}.Release|Any CPU.ActiveCfg = Release|Any CPU
		{CC61E4DB-8F8C-48B5-96B0-FE43FA8F96F6}.Release|Any CPU.Build.0 = Release|Any CPU
		{57A494EA-681D-4F79-9495-2BB8439947B9}.Debug|Any CPU.ActiveCfg = Debug|Any CPU
		{57A494EA-681D-4F79-9495-2BB8439947B9}.Debug|Any CPU.Build.0 = Debug|Any CPU
		{57A494EA-681D-4F79-9495-2BB8439947B9}.Release|Any CPU.ActiveCfg = Release|Any CPU
		{57A494EA-681D-4F79-9495-2BB8439947B9}.Release|Any CPU.Build.0 = Release|Any CPU
		{10B81310-0A77-4D54-B2FA-4448AB61911C}.Debug|Any CPU.ActiveCfg = Debug|Any CPU
		{10B81310-0A77-4D54-B2FA-4448AB61911C}.Debug|Any CPU.Build.0 = Debug|Any CPU
		{10B81310-0A77-4D54-B2FA-4448AB61911C}.Release|Any CPU.ActiveCfg = Release|Any CPU
		{10B81310-0A77-4D54-B2FA-4448AB61911C}.Release|Any CPU.Build.0 = Release|Any CPU
	EndGlobalSection
	GlobalSection(SolutionProperties) = preSolution
		HideSolutionNode = FALSE
	EndGlobalSection
	GlobalSection(ExtensibilityGlobals) = postSolution
		SolutionGuid = {4D3157DD-2DE7-41A0-AA9B-F76CA7C92A7F}
	EndGlobalSection
EndGlobal
